Microsoft Visual Studio Solution File, Format Version 11.00
# Visual Studio 2008

Project("{7425C674-5175-0CE5-CE19-1CA713B7FCE5}") = "Je_w_el_Po_P_Ga_me", "Assembly-CSharp-firstpass-vs.csproj", "{B6506077-70D2-E65D-21D3-7CD6B3CC5DE2}"
EndProject
Project("{7425C674-5175-0CE5-CE19-1CA713B7FCE5}") = "Je_w_el_Po_P_Ga_me", "Assembly-CSharp-vs.csproj", "{A9DE20B5-B3AD-D3A7-DE8F-6FC39767C14C}"
EndProject
Project("{7425C674-5175-0CE5-CE19-1CA713B7FCE5}") = "Je_w_el_Po_P_Ga_me", "Assembly-CSharp-Editor-vs.csproj", "{33B4BBD4-A3BB-3ABA-C17F-20DE983F7676}"
EndProject
Global
	GlobalSection(SolutionConfigurationPlatforms) = preSolution
		Debug|Any CPU = Debug|Any CPU
		Release|Any CPU = Release|Any CPU
	EndGlobalSection
	GlobalSection(ProjectConfigurationPlatforms) = postSolution
		{B6506077-70D2-E65D-21D3-7CD6B3CC5DE2}.Debug|Any CPU.ActiveCfg = Debug|Any CPU
		{B6506077-70D2-E65D-21D3-7CD6B3CC5DE2}.Debug|Any CPU.Build.0 = Debug|Any CPU
		{B6506077-70D2-E65D-21D3-7CD6B3CC5DE2}.Release|Any CPU.ActiveCfg = Release|Any CPU
		{B6506077-70D2-E65D-21D3-7CD6B3CC5DE2}.Release|Any CPU.Build.0 = Release|Any CPU
		{A9DE20B5-B3AD-D3A7-DE8F-6FC39767C14C}.Debug|Any CPU.ActiveCfg = Debug|Any CPU
		{A9DE20B5-B3AD-D3A7-DE8F-6FC39767C14C}.Debug|Any CPU.Build.0 = Debug|Any CPU
		{A9DE20B5-B3AD-D3A7-DE8F-6FC39767C14C}.Release|Any CPU.ActiveCfg = Release|Any CPU
		{A9DE20B5-B3AD-D3A7-DE8F-6FC39767C14C}.Release|Any CPU.Build.0 = Release|Any CPU
		{33B4BBD4-A3BB-3ABA-C17F-20DE983F7676}.Debug|Any CPU.ActiveCfg = Debug|Any CPU
		{33B4BBD4-A3BB-3ABA-C17F-20DE983F7676}.Debug|Any CPU.Build.0 = Debug|Any CPU
		{33B4BBD4-A3BB-3ABA-C17F-20DE983F7676}.Release|Any CPU.ActiveCfg = Release|Any CPU
		{33B4BBD4-A3BB-3ABA-C17F-20DE983F7676}.Release|Any CPU.Build.0 = Release|Any CPU
	EndGlobalSection
	GlobalSection(SolutionProperties) = preSolution
		HideSolutionNode = FALSE
	EndGlobalSection
				GlobalSection(MonoDevelopProperties) = preSolution
		StartupItem = Assembly-CSharp.csproj
		Policies = $0
		$0.TextStylePolicy = $1
		$1.inheritsSet = null
		$1.scope = text/x-csharp
		$0.CSharpFormattingPolicy = $2
		$2.inheritsSet = Mono
		$2.inheritsScope = text/x-csharp
		$2.scope = text/x-csharp
		$0.TextStylePolicy = $3
		$3.FileWidth = 120
		$3.TabWidth = 4
		$3.EolMarker = Unix
		$3.inheritsSet = Mono
		$3.inheritsScope = text/plain
		$3.scope = text/plain
	EndGlobalSection

EndGlobal
